
Microsoft Visual Studio Solution File, Format Version 12.00
# Visual Studio Version 17
VisualStudioVersion = 17.13.35931.197
MinimumVisualStudioVersion = 10.0.40219.1
Project("{FAE04EC0-301F-11D3-BF4B-00C04F79EFBC}") = "ConsoleApp1", "ConsoleApp1\ConsoleApp1.csproj", "{D9D64DA8-7E4B-4ABC-8246-1DDE39150947}"
EndProject
Project("{FAE04EC0-301F-11D3-BF4B-00C04F79EFBC}") = "ConsoleApp333", "ConsoleApp333\ConsoleApp333.csproj", "{68E7DBFE-8042-4396-8E8B-475A32F1A39E}"
EndProject
Global
	GlobalSection(SolutionConfigurationPlatforms) = preSolution
		Debug|Any CPU = Debug|Any CPU
		Release|Any CPU = Release|Any CPU
	EndGlobalSection
	GlobalSection(ProjectConfigurationPlatforms) = postSolution
		{D9D64DA8-7E4B-4ABC-8246-1DDE39150947}.Debug|Any CPU.ActiveCfg = Debug|Any CPU
		{D9D64DA8-7E4B-4ABC-8246-1DDE39150947}.Debug|Any CPU.Build.0 = Debug|Any CPU
		{D9D64DA8-7E4B-4ABC-8246-1DDE39150947}.Release|Any CPU.ActiveCfg = Release|Any CPU
		{D9D64DA8-7E4B-4ABC-8246-1DDE39150947}.Release|Any CPU.Build.0 = Release|Any CPU
		{68E7DBFE-8042-4396-8E8B-475A32F1A39E}.Debug|Any CPU.ActiveCfg = Debug|Any CPU
		{68E7DBFE-8042-4396-8E8B-475A32F1A39E}.Debug|Any CPU.Build.0 = Debug|Any CPU
		{68E7DBFE-8042-4396-8E8B-475A32F1A39E}.Release|Any CPU.ActiveCfg = Release|Any CPU
		{68E7DBFE-8042-4396-8E8B-475A32F1A39E}.Release|Any CPU.Build.0 = Release|Any CPU
	EndGlobalSection
	GlobalSection(SolutionProperties) = preSolution
		HideSolutionNode = FALSE
	EndGlobalSection
	GlobalSection(ExtensibilityGlobals) = postSolution
		SolutionGuid = {922C2661-E3BB-44E3-BC21-0642B0EF6362}
	EndGlobalSection
EndGlobal
